
Microsoft Visual Studio Solution File, Format Version 12.00
# Visual Studio Version 17
VisualStudioVersion = 17.5.002.0
MinimumVisualStudioVersion = 10.0.40219.1
Project("{9A19103F-16F7-4668-BE54-9A1E7A4F7556}") = "IeltsScoreCalculator", "IeltsScoreCalculator.csproj", "{E06D5778-7351-4903-A230-243A0BAABD1E}"
EndProject
Global
	GlobalSection(SolutionConfigurationPlatforms) = preSolution
		Debug|Any CPU = Debug|Any CPU
		Release|Any CPU = Release|Any CPU
	EndGlobalSection
	GlobalSection(ProjectConfigurationPlatforms) = postSolution
		{E06D5778-7351-4903-A230-243A0BAABD1E}.Debug|Any CPU.ActiveCfg = Debug|Any CPU
		{E06D5778-7351-4903-A230-243A0BAABD1E}.Debug|Any CPU.Build.0 = Debug|Any CPU
		{E06D5778-7351-4903-A230-243A0BAABD1E}.Release|Any CPU.ActiveCfg = Release|Any CPU
		{E06D5778-7351-4903-A230-243A0BAABD1E}.Release|Any CPU.Build.0 = Release|Any CPU
	EndGlobalSection
	GlobalSection(SolutionProperties) = preSolution
		HideSolutionNode = FALSE
	EndGlobalSection
	GlobalSection(ExtensibilityGlobals) = postSolution
		SolutionGuid = {65BB3DE3-0B3C-4FA5-90DD-904D4B31F413}
	EndGlobalSection
EndGlobal
